
Microsoft Visual Studio Solution File, Format Version 12.00
# Visual Studio Version 16
VisualStudioVersion = 16.0.32228.343
MinimumVisualStudioVersion = 10.0.40219.1
Project("{FAE04EC0-301F-11D3-BF4B-00C04F79EFBC}") = "ConsoleApp1", "ConsoleApp1\ConsoleApp1.csproj", "{011A863D-09D3-4AC1-B4C2-9C8EEAE7A230}"
EndProject
Global
	GlobalSection(SolutionConfigurationPlatforms) = preSolution
		Debug|Any CPU = Debug|Any CPU
		Release|Any CPU = Release|Any CPU
	EndGlobalSection
	GlobalSection(ProjectConfigurationPlatforms) = postSolution
		{011A863D-09D3-4AC1-B4C2-9C8EEAE7A230}.Debug|Any CPU.ActiveCfg = Debug|Any CPU
		{011A863D-09D3-4AC1-B4C2-9C8EEAE7A230}.Debug|Any CPU.Build.0 = Debug|Any CPU
		{011A863D-09D3-4AC1-B4C2-9C8EEAE7A230}.Release|Any CPU.ActiveCfg = Release|Any CPU
		{011A863D-09D3-4AC1-B4C2-9C8EEAE7A230}.Release|Any CPU.Build.0 = Release|Any CPU
	EndGlobalSection
	GlobalSection(SolutionProperties) = preSolution
		HideSolutionNode = FALSE
	EndGlobalSection
	GlobalSection(ExtensibilityGlobals) = postSolution
		SolutionGuid = {F869A7D8-409A-4BFC-990A-979231B0BF9F}
	EndGlobalSection
EndGlobal
